// !$*UTF8*$!
{
	archiveVersion = 1;
	classes = {
	};
	objectVersion = 56;
	objects = {

/* Begin PBXBuildFile section */
		D38C8C192BD4027A00B759F0 /* HubX_CaseApp.swift in Sources */ = {isa = PBXBuildFile; fileRef = D38C8C182BD4027A00B759F0 /* HubX_CaseApp.swift */; };
		D38C8C1B2BD4027A00B759F0 /* ContentView.swift in Sources */ = {isa = PBXBuildFile; fileRef = D38C8C1A2BD4027A00B759F0 /* ContentView.swift */; };
		D38C8C1D2BD4027B00B759F0 /* Assets.xcassets in Resources */ = {isa = PBXBuildFile; fileRef = D38C8C1C2BD4027B00B759F0 /* Assets.xcassets */; };
		D38C8C202BD4027B00B759F0 /* Preview Assets.xcassets in Resources */ = {isa = PBXBuildFile; fileRef = D38C8C1F2BD4027B00B759F0 /* Preview Assets.xcassets */; };
		D38C8C2A2BD4027B00B759F0 /* HubX_CaseTests.swift in Sources */ = {isa = PBXBuildFile; fileRef = D38C8C292BD4027B00B759F0 /* HubX_CaseTests.swift */; };
		D38C8C342BD4027B00B759F0 /* HubX_CaseUITests.swift in Sources */ = {isa = PBXBuildFile; fileRef = D38C8C332BD4027B00B759F0 /* HubX_CaseUITests.swift */; };
		D38C8C362BD4027B00B759F0 /* HubX_CaseUITestsLaunchTests.swift in Sources */ = {isa = PBXBuildFile; fileRef = D38C8C352BD4027B00B759F0 /* HubX_CaseUITestsLaunchTests.swift */; };
/* End PBXBuildFile section */

/* Begin PBXContainerItemProxy section */
		D38C8C262BD4027B00B759F0 /* PBXContainerItemProxy */ = {
			isa = PBXContainerItemProxy;
			containerPortal = D38C8C0D2BD4027900B759F0 /* Project object */;
			proxyType = 1;
			remoteGlobalIDString = D38C8C142BD4027A00B759F0;
			remoteInfo = "HubX-Case";
		};
		D38C8C302BD4027B00B759F0 /* PBXContainerItemProxy */ = {
			isa = PBXContainerItemProxy;
			containerPortal = D38C8C0D2BD4027900B759F0 /* Project object */;
			proxyType = 1;
			remoteGlobalIDString = D38C8C142BD4027A00B759F0;
			remoteInfo = "HubX-Case";
		};
/* End PBXContainerItemProxy section */

/* Begin PBXFileReference section */
		D38C8C152BD4027A00B759F0 /* HubX-Case.app */ = {isa = PBXFileReference; explicitFileType = wrapper.application; includeInIndex = 0; path = "HubX-Case.app"; sourceTree = BUILT_PRODUCTS_DIR; };
		D38C8C182BD4027A00B759F0 /* HubX_CaseApp.swift */ = {isa = PBXFileReference; lastKnownFileType = sourcecode.swift; path = HubX_CaseApp.swift; sourceTree = "<group>"; };
		D38C8C1A2BD4027A00B759F0 /* ContentView.swift */ = {isa = PBXFileReference; lastKnownFileType = sourcecode.swift; path = ContentView.swift; sourceTree = "<group>"; };
		D38C8C1C2BD4027B00B759F0 /* Assets.xcassets */ = {isa = PBXFileReference; lastKnownFileType = folder.assetcatalog; path = Assets.xcassets; sourceTree = "<group>"; };
		D38C8C1F2BD4027B00B759F0 /* Preview Assets.xcassets */ = {isa = PBXFileReference; lastKnownFileType = folder.assetcatalog; path = "Preview Assets.xcassets"; sourceTree = "<group>"; };
		D38C8C252BD4027B00B759F0 /* HubX-CaseTests.xctest */ = {isa = PBXFileReference; explicitFileType = wrapper.cfbundle; includeInIndex = 0; path = "HubX-CaseTests.xctest"; sourceTree = BUILT_PRODUCTS_DIR; };
		D38C8C292BD4027B00B759F0 /* HubX_CaseTests.swift */ = {isa = PBXFileReference; lastKnownFileType = sourcecode.swift; path = HubX_CaseTests.swift; sourceTree = "<group>"; };
		D38C8C2F2BD4027B00B759F0 /* HubX-CaseUITests.xctest */ = {isa = PBXFileReference; explicitFileType = wrapper.cfbundle; includeInIndex = 0; path = "HubX-CaseUITests.xctest"; sourceTree = BUILT_PRODUCTS_DIR; };
		D38C8C332BD4027B00B759F0 /* HubX_CaseUITests.swift */ = {isa = PBXFileReference; lastKnownFileType = sourcecode.swift; path = HubX_CaseUITests.swift; sourceTree = "<group>"; };
		D38C8C352BD4027B00B759F0 /* HubX_CaseUITestsLaunchTests.swift */ = {isa = PBXFileReference; lastKnownFileType = sourcecode.swift; path = HubX_CaseUITestsLaunchTests.swift; sourceTree = "<group>"; };
/* End PBXFileReference section */

/* Begin PBXFrameworksBuildPhase section */
		D38C8C122BD4027A00B759F0 /* Frameworks */ = {
			isa = PBXFrameworksBuildPhase;
			buildActionMask = 2147483647;
			files = (
			);
			runOnlyForDeploymentPostprocessing = 0;
		};
		D38C8C222BD4027B00B759F0 /* Frameworks */ = {
			isa = PBXFrameworksBuildPhase;
			buildActionMask = 2147483647;
			files = (
			);
			runOnlyForDeploymentPostprocessing = 0;
		};
		D38C8C2C2BD4027B00B759F0 /* Frameworks */ = {
			isa = PBXFrameworksBuildPhase;
			buildActionMask = 2147483647;
			files = (
			);
			runOnlyForDeploymentPostprocessing = 0;
		};
/* End PBXFrameworksBuildPhase section */

/* Begin PBXGroup section */
		D38C8C0C2BD4027900B759F0 = {
			isa = PBXGroup;
			children = (
				D38C8C172BD4027A00B759F0 /* HubX-Case */,
				D38C8C282BD4027B00B759F0 /* HubX-CaseTests */,
				D38C8C322BD4027B00B759F0 /* HubX-CaseUITests */,
				D38C8C162BD4027A00B759F0 /* Products */,
			);
			sourceTree = "<group>";
		};
		D38C8C162BD4027A00B759F0 /* Products */ = {
			isa = PBXGroup;
			children = (
				D38C8C152BD4027A00B759F0 /* HubX-Case.app */,
				D38C8C252BD4027B00B759F0 /* HubX-CaseTests.xctest */,
				D38C8C2F2BD4027B00B759F0 /* HubX-CaseUITests.xctest */,
			);
			name = Products;
			sourceTree = "<group>";
		};
		D38C8C172BD4027A00B759F0 /* HubX-Case */ = {
			isa = PBXGroup;
			children = (
				D38C8C182BD4027A00B759F0 /* HubX_CaseApp.swift */,
				D38C8C1A2BD4027A00B759F0 /* ContentView.swift */,
				D38C8C1C2BD4027B00B759F0 /* Assets.xcassets */,
				D38C8C1E2BD4027B00B759F0 /* Preview Content */,
			);
			path = "HubX-Case";
			sourceTree = "<group>";
		};
		D38C8C1E2BD4027B00B759F0 /* Preview Content */ = {
			isa = PBXGroup;
			children = (
				D38C8C1F2BD4027B00B759F0 /* Preview Assets.xcassets */,
			);
			path = "Preview Content";
			sourceTree = "<group>";
		};
		D38C8C282BD4027B00B759F0 /* HubX-CaseTests */ = {
			isa = PBXGroup;
			children = (
				D38C8C292BD4027B00B759F0 /* HubX_CaseTests.swift */,
			);
			path = "HubX-CaseTests";
			sourceTree = "<group>";
		};
		D38C8C322BD4027B00B759F0 /* HubX-CaseUITests */ = {
			isa = PBXGroup;
			children = (
				D38C8C332BD4027B00B759F0 /* HubX_CaseUITests.swift */,
				D38C8C352BD4027B00B759F0 /* HubX_CaseUITestsLaunchTests.swift */,
			);
			path = "HubX-CaseUITests";
			sourceTree = "<group>";
		};
/* End PBXGroup section */

/* Begin PBXNativeTarget section */
		D38C8C142BD4027A00B759F0 /* HubX-Case */ = {
			isa = PBXNativeTarget;
			buildConfigurationList = D38C8C392BD4027B00B759F0 /* Build configuration list for PBXNativeTarget "HubX-Case" */;
			buildPhases = (
				D38C8C112BD4027A00B759F0 /* Sources */,
				D38C8C122BD4027A00B759F0 /* Frameworks */,
				D38C8C132BD4027A00B759F0 /* Resources */,
			);
			buildRules = (
			);
			dependencies = (
			);
			name = "HubX-Case";
			productName = "HubX-Case";
			productReference = D38C8C152BD4027A00B759F0 /* HubX-Case.app */;
			productType = "com.apple.product-type.application";
		};
		D38C8C242BD4027B00B759F0 /* HubX-CaseTests */ = {
			isa = PBXNativeTarget;
			buildConfigurationList = D38C8C3C2BD4027B00B759F0 /* Build configuration list for PBXNativeTarget "HubX-CaseTests" */;
			buildPhases = (
				D38C8C212BD4027B00B759F0 /* Sources */,
				D38C8C222BD4027B00B759F0 /* Frameworks */,
				D38C8C232BD4027B00B759F0 /* Resources */,
			);
			buildRules = (
			);
			dependencies = (
				D38C8C272BD4027B00B759F0 /* PBXTargetDependency */,
			);
			name = "HubX-CaseTests";
			productName = "HubX-CaseTests";
			productReference = D38C8C252BD4027B00B759F0 /* HubX-CaseTests.xctest */;
			productType = "com.apple.product-type.bundle.unit-test";
		};
		D38C8C2E2BD4027B00B759F0 /* HubX-CaseUITests */ = {
			isa = PBXNativeTarget;
			buildConfigurationList = D38C8C3F2BD4027B00B759F0 /* Build configuration list for PBXNativeTarget "HubX-CaseUITests" */;
			buildPhases = (
				D38C8C2B2BD4027B00B759F0 /* Sources */,
				D38C8C2C2BD4027B00B759F0 /* Frameworks */,
				D38C8C2D2BD4027B00B759F0 /* Resources */,
			);
			buildRules = (
			);
			dependencies = (
				D38C8C312BD4027B00B759F0 /* PBXTargetDependency */,
			);
			name = "HubX-CaseUITests";
			productName = "HubX-CaseUITests";
			productReference = D38C8C2F2BD4027B00B759F0 /* HubX-CaseUITests.xctest */;
			productType = "com.apple.product-type.bundle.ui-testing";
		};
/* End PBXNativeTarget section */

/* Begin PBXProject section */
		D38C8C0D2BD4027900B759F0 /* Project object */ = {
			isa = PBXProject;
			attributes = {
				BuildIndependentTargetsInParallel = 1;
				LastSwiftUpdateCheck = 1520;
				LastUpgradeCheck = 1520;
				TargetAttributes = {
					D38C8C142BD4027A00B759F0 = {
						CreatedOnToolsVersion = 15.2;
					};
					D38C8C242BD4027B00B759F0 = {
						CreatedOnToolsVersion = 15.2;
						TestTargetID = D38C8C142BD4027A00B759F0;
					};
					D38C8C2E2BD4027B00B759F0 = {
						CreatedOnToolsVersion = 15.2;
						TestTargetID = D38C8C142BD4027A00B759F0;
					};
				};
			};
			buildConfigurationList = D38C8C102BD4027900B759F0 /* Build configuration list for PBXProject "HubX-Case" */;
			compatibilityVersion = "Xcode 14.0";
			developmentRegion = en;
			hasScannedForEncodings = 0;
			knownRegions = (
				en,
				Base,
			);
			mainGroup = D38C8C0C2BD4027900B759F0;
			productRefGroup = D38C8C162BD4027A00B759F0 /* Products */;
			projectDirPath = "";
			projectRoot = "";
			targets = (
				D38C8C142BD4027A00B759F0 /* HubX-Case */,
				D38C8C242BD4027B00B759F0 /* HubX-CaseTests */,
				D38C8C2E2BD4027B00B759F0 /* HubX-CaseUITests */,
			);
		};
/* End PBXProject section */

/* Begin PBXResourcesBuildPhase section */
		D38C8C132BD4027A00B759F0 /* Resources */ = {
			isa = PBXResourcesBuildPhase;
			buildActionMask = 2147483647;
			files = (
				D38C8C202BD4027B00B759F0 /* Preview Assets.xcassets in Resources */,
				D38C8C1D2BD4027B00B759F0 /* Assets.xcassets in Resources */,
			);
			runOnlyForDeploymentPostprocessing = 0;
		};
		D38C8C232BD4027B00B759F0 /* Resources */ = {
			isa = PBXResourcesBuildPhase;
			buildActionMask = 2147483647;
			files = (
			);
			runOnlyForDeploymentPostprocessing = 0;
		};
		D38C8C2D2BD4027B00B759F0 /* Resources */ = {
			isa = PBXResourcesBuildPhase;
			buildActionMask = 2147483647;
			files = (
			);
			runOnlyForDeploymentPostprocessing = 0;
		};
/* End PBXResourcesBuildPhase section */

/* Begin PBXSourcesBuildPhase section */
		D38C8C112BD4027A00B759F0 /* Sources */ = {
			isa = PBXSourcesBuildPhase;
			buildActionMask = 2147483647;
			files = (
				D38C8C1B2BD4027A00B759F0 /* ContentView.swift in Sources */,
				D38C8C192BD4027A00B759F0 /* HubX_CaseApp.swift in Sources */,
			);
			runOnlyForDeploymentPostprocessing = 0;
		};
		D38C8C212BD4027B00B759F0 /* Sources */ = {
			isa = PBXSourcesBuildPhase;
			buildActionMask = 2147483647;
			files = (
				D38C8C2A2BD4027B00B759F0 /* HubX_CaseTests.swift in Sources */,
			);
			runOnlyForDeploymentPostprocessing = 0;
		};
		D38C8C2B2BD4027B00B759F0 /* Sources */ = {
			isa = PBXSourcesBuildPhase;
			buildActionMask = 2147483647;
			files = (
				D38C8C342BD4027B00B759F0 /* HubX_CaseUITests.swift in Sources */,
				D38C8C362BD4027B00B759F0 /* HubX_CaseUITestsLaunchTests.swift in Sources */,
			);
			runOnlyForDeploymentPostprocessing = 0;
		};
/* End PBXSourcesBuildPhase section */

/* Begin PBXTargetDependency section */
		D38C8C272BD4027B00B759F0 /* PBXTargetDependency */ = {
			isa = PBXTargetDependency;
			target = D38C8C142BD4027A00B759F0 /* HubX-Case */;
			targetProxy = D38C8C262BD4027B00B759F0 /* PBXContainerItemProxy */;
		};
		D38C8C312BD4027B00B759F0 /* PBXTargetDependency */ = {
			isa = PBXTargetDependency;
			target = D38C8C142BD4027A00B759F0 /* HubX-Case */;
			targetProxy = D38C8C302BD4027B00B759F0 /* PBXContainerItemProxy */;
		};
/* End PBXTargetDependency section */

/* Begin XCBuildConfiguration section */
		D38C8C372BD4027B00B759F0 /* Debug */ = {
			isa = XCBuildConfiguration;
			buildSettings = {
				ALWAYS_SEARCH_USER_PATHS = NO;
				ASSETCATALOG_COMPILER_GENERATE_SWIFT_ASSET_SYMBOL_EXTENSIONS = YES;
				CLANG_ANALYZER_NONNULL = YES;
				CLANG_ANALYZER_NUMBER_OBJECT_CONVERSION = YES_AGGRESSIVE;
				CLANG_CXX_LANGUAGE_STANDARD = "gnu++20";
				CLANG_ENABLE_MODULES = YES;
				CLANG_ENABLE_OBJC_ARC = YES;
				CLANG_ENABLE_OBJC_WEAK = YES;
				CLANG_WARN_BLOCK_CAPTURE_AUTORELEASING = YES;
				CLANG_WARN_BOOL_CONVERSION = YES;
				CLANG_WARN_COMMA = YES;
				CLANG_WARN_CONSTANT_CONVERSION = YES;
				CLANG_WARN_DEPRECATED_OBJC_IMPLEMENTATIONS = YES;
				CLANG_WARN_DIRECT_OBJC_ISA_USAGE = YES_ERROR;
				CLANG_WARN_DOCUMENTATION_COMMENTS = YES;
				CLANG_WARN_EMPTY_BODY = YES;
				CLANG_WARN_ENUM_CONVERSION = YES;
				CLANG_WARN_INFINITE_RECURSION = YES;
				CLANG_WARN_INT_CONVERSION = YES;
				CLANG_WARN_NON_LITERAL_NULL_CONVERSION = YES;
				CLANG_WARN_OBJC_IMPLICIT_RETAIN_SELF = YES;
				CLANG_WARN_OBJC_LITERAL_CONVERSION = YES;
				CLANG_WARN_OBJC_ROOT_CLASS = YES_ERROR;
				CLANG_WARN_QUOTED_INCLUDE_IN_FRAMEWORK_HEADER = YES;
				CLANG_WARN_RANGE_LOOP_ANALYSIS = YES;
				CLANG_WARN_STRICT_PROTOTYPES = YES;
				CLANG_WARN_SUSPICIOUS_MOVE = YES;
				CLANG_WARN_UNGUARDED_AVAILABILITY = YES_AGGRESSIVE;
				CLANG_WARN_UNREACHABLE_CODE = YES;
				CLANG_WARN__DUPLICATE_METHOD_MATCH = YES;
				COPY_PHASE_STRIP = NO;
				DEBUG_INFORMATION_FORMAT = dwarf;
				ENABLE_STRICT_OBJC_MSGSEND = YES;
				ENABLE_TESTABILITY = YES;
				ENABLE_USER_SCRIPT_SANDBOXING = YES;
				GCC_C_LANGUAGE_STANDARD = gnu17;
				GCC_DYNAMIC_NO_PIC = NO;
				GCC_NO_COMMON_BLOCKS = YES;
				GCC_OPTIMIZATION_LEVEL = 0;
				GCC_PREPROCESSOR_DEFINITIONS = (
					"DEBUG=1",
					"$(inherited)",
				);
				GCC_WARN_64_TO_32_BIT_CONVERSION = YES;
				GCC_WARN_ABOUT_RETURN_TYPE = YES_ERROR;
				GCC_WARN_UNDECLARED_SELECTOR = YES;
				GCC_WARN_UNINITIALIZED_AUTOS = YES_AGGRESSIVE;
				GCC_WARN_UNUSED_FUNCTION = YES;
				GCC_WARN_UNUSED_VARIABLE = YES;
				IPHONEOS_DEPLOYMENT_TARGET = 17.2;
				LOCALIZATION_PREFERS_STRING_CATALOGS = YES;
				MTL_ENABLE_DEBUG_INFO = INCLUDE_SOURCE;
				MTL_FAST_MATH = YES;
				ONLY_ACTIVE_ARCH = YES;
				SDKROOT = iphoneos;
				SWIFT_ACTIVE_COMPILATION_CONDITIONS = "DEBUG $(inherited)";
				SWIFT_OPTIMIZATION_LEVEL = "-Onone";
			};
			name = Debug;
		};
		D38C8C382BD4027B00B759F0 /* Release */ = {
			isa = XCBuildConfiguration;
			buildSettings = {
				ALWAYS_SEARCH_USER_PATHS = NO;
				ASSETCATALOG_COMPILER_GENERATE_SWIFT_ASSET_SYMBOL_EXTENSIONS = YES;
				CLANG_ANALYZER_NONNULL = YES;
				CLANG_ANALYZER_NUMBER_OBJECT_CONVERSION = YES_AGGRESSIVE;
				CLANG_CXX_LANGUAGE_STANDARD = "gnu++20";
				CLANG_ENABLE_MODULES = YES;
				CLANG_ENABLE_OBJC_ARC = YES;
				CLANG_ENABLE_OBJC_WEAK = YES;
				CLANG_WARN_BLOCK_CAPTURE_AUTORELEASING = YES;
				CLANG_WARN_BOOL_CONVERSION = YES;
				CLANG_WARN_COMMA = YES;
				CLANG_WARN_CONSTANT_CONVERSION = YES;
				CLANG_WARN_DEPRECATED_OBJC_IMPLEMENTATIONS = YES;
				CLANG_WARN_DIRECT_OBJC_ISA_USAGE = YES_ERROR;
				CLANG_WARN_DOCUMENTATION_COMMENTS = YES;
				CLANG_WARN_EMPTY_BODY = YES;
				CLANG_WARN_ENUM_CONVERSION = YES;
				CLANG_WARN_INFINITE_RECURSION = YES;
				CLANG_WARN_INT_CONVERSION = YES;
				CLANG_WARN_NON_LITERAL_NULL_CONVERSION = YES;
				CLANG_WARN_OBJC_IMPLICIT_RETAIN_SELF = YES;
				CLANG_WARN_OBJC_LITERAL_CONVERSION = YES;
				CLANG_WARN_OBJC_ROOT_CLASS = YES_ERROR;
				CLANG_WARN_QUOTED_INCLUDE_IN_FRAMEWORK_HEADER = YES;
				CLANG_WARN_RANGE_LOOP_ANALYSIS = YES;
				CLANG_WARN_STRICT_PROTOTYPES = YES;
				CLANG_WARN_SUSPICIOUS_MOVE = YES;
				CLANG_WARN_UNGUARDED_AVAILABILITY = YES_AGGRESSIVE;
				CLANG_WARN_UNREACHABLE_CODE = YES;
				CLANG_WARN__DUPLICATE_METHOD_MATCH = YES;
				COPY_PHASE_STRIP = NO;
				DEBUG_INFORMATION_FORMAT = "dwarf-with-dsym";
				ENABLE_NS_ASSERTIONS = NO;
				ENABLE_STRICT_OBJC_MSGSEND = YES;
				ENABLE_USER_SCRIPT_SANDBOXING = YES;
				GCC_C_LANGUAGE_STANDARD = gnu17;
				GCC_NO_COMMON_BLOCKS = YES;
				GCC_WARN_64_TO_32_BIT_CONVERSION = YES;
				GCC_WARN_ABOUT_RETURN_TYPE = YES_ERROR;
				GCC_WARN_UNDECLARED_SELECTOR = YES;
				GCC_WARN_UNINITIALIZED_AUTOS = YES_AGGRESSIVE;
				GCC_WARN_UNUSED_FUNCTION = YES;
				GCC_WARN_UNUSED_VARIABLE = YES;
				IPHONEOS_DEPLOYMENT_TARGET = 17.2;
				LOCALIZATION_PREFERS_STRING_CATALOGS = YES;
				MTL_ENABLE_DEBUG_INFO = NO;
				MTL_FAST_MATH = YES;
				SDKROOT = iphoneos;
				SWIFT_COMPILATION_MODE = wholemodule;
				VALIDATE_PRODUCT = YES;
			};
			name = Release;
		};
		D38C8C3A2BD4027B00B759F0 /* Debug */ = {
			isa = XCBuildConfiguration;
			buildSettings = {
				ASSETCATALOG_COMPILER_APPICON_NAME = AppIcon;
				ASSETCATALOG_COMPILER_GLOBAL_ACCENT_COLOR_NAME = AccentColor;
				CODE_SIGN_STYLE = Automatic;
				CURRENT_PROJECT_VERSION = 1;
				DEVELOPMENT_ASSET_PATHS = "\"HubX-Case/Preview Content\"";
				DEVELOPMENT_TEAM = 8TRXM8F5W6;
				ENABLE_PREVIEWS = YES;
				GENERATE_INFOPLIST_FILE = YES;
				INFOPLIST_KEY_UIApplicationSceneManifest_Generation = YES;
				INFOPLIST_KEY_UIApplicationSupportsIndirectInputEvents = YES;
				INFOPLIST_KEY_UILaunchScreen_Generation = YES;
				INFOPLIST_KEY_UISupportedInterfaceOrientations_iPad = "UIInterfaceOrientationPortrait UIInterfaceOrientationPortraitUpsideDown UIInterfaceOrientationLandscapeLeft UIInterfaceOrientationLandscapeRight";
				INFOPLIST_KEY_UISupportedInterfaceOrientations_iPhone = "UIInterfaceOrientationPortrait UIInterfaceOrientationLandscapeLeft UIInterfaceOrientationLandscapeRight";
				LD_RUNPATH_SEARCH_PATHS = (
					"$(inherited)",
					"@executable_path/Frameworks",
				);
				MARKETING_VERSION = 1.0;
				PRODUCT_BUNDLE_IDENTIFIER = "com.mehmetkaan.HubX-Case";
				PRODUCT_NAME = "$(TARGET_NAME)";
				SWIFT_EMIT_LOC_STRINGS = YES;
				SWIFT_VERSION = 5.0;
				TARGETED_DEVICE_FAMILY = "1,2";
			};
			name = Debug;
		};
		D38C8C3B2BD4027B00B759F0 /* Release */ = {
			isa = XCBuildConfiguration;
			buildSettings = {
				ASSETCATALOG_COMPILER_APPICON_NAME = AppIcon;
				ASSETCATALOG_COMPILER_GLOBAL_ACCENT_COLOR_NAME = AccentColor;
				CODE_SIGN_STYLE = Automatic;
				CURRENT_PROJECT_VERSION = 1;
				DEVELOPMENT_ASSET_PATHS = "\"HubX-Case/Preview Content\"";
				DEVELOPMENT_TEAM = 8TRXM8F5W6;
				ENABLE_PREVIEWS = YES;
				GENERATE_INFOPLIST_FILE = YES;
				INFOPLIST_KEY_UIApplicationSceneManifest_Generation = YES;
				INFOPLIST_KEY_UIApplicationSupportsIndirectInputEvents = YES;
				INFOPLIST_KEY_UILaunchScreen_Generation = YES;
				INFOPLIST_KEY_UISupportedInterfaceOrientations_iPad = "UIInterfaceOrientationPortrait UIInterfaceOrientationPortraitUpsideDown UIInterfaceOrientationLandscapeLeft UIInterfaceOrientationLandscapeRight";
				INFOPLIST_KEY_UISupportedInterfaceOrientations_iPhone = "UIInterfaceOrientationPortrait UIInterfaceOrientationLandscapeLeft UIInterfaceOrientationLandscapeRight";
				LD_RUNPATH_SEARCH_PATHS = (
					"$(inherited)",
					"@executable_path/Frameworks",
				);
				MARKETING_VERSION = 1.0;
				PRODUCT_BUNDLE_IDENTIFIER = "com.mehmetkaan.HubX-Case";
				PRODUCT_NAME = "$(TARGET_NAME)";
				SWIFT_EMIT_LOC_STRINGS = YES;
				SWIFT_VERSION = 5.0;
				TARGETED_DEVICE_FAMILY = "1,2";
			};
			name = Release;
		};
		D38C8C3D2BD4027B00B759F0 /* Debug */ = {
			isa = XCBuildConfiguration;
			buildSettings = {
				ALWAYS_EMBED_SWIFT_STANDARD_LIBRARIES = YES;
				BUNDLE_LOADER = "$(TEST_HOST)";
				CODE_SIGN_STYLE = Automatic;
				CURRENT_PROJECT_VERSION = 1;
				DEVELOPMENT_TEAM = 8TRXM8F5W6;
				GENERATE_INFOPLIST_FILE = YES;
				IPHONEOS_DEPLOYMENT_TARGET = 17.2;
				MARKETING_VERSION = 1.0;
				PRODUCT_BUNDLE_IDENTIFIER = "com.mehmetkaan.HubX-CaseTests";
				PRODUCT_NAME = "$(TARGET_NAME)";
				SWIFT_EMIT_LOC_STRINGS = NO;
				SWIFT_VERSION = 5.0;
				TARGETED_DEVICE_FAMILY = "1,2";
				TEST_HOST = "$(BUILT_PRODUCTS_DIR)/HubX-Case.app/$(BUNDLE_EXECUTABLE_FOLDER_PATH)/HubX-Case";
			};
			name = Debug;
		};
		D38C8C3E2BD4027B00B759F0 /* Release */ = {
			isa = XCBuildConfiguration;
			buildSettings = {
				ALWAYS_EMBED_SWIFT_STANDARD_LIBRARIES = YES;
				BUNDLE_LOADER = "$(TEST_HOST)";
				CODE_SIGN_STYLE = Automatic;
				CURRENT_PROJECT_VERSION = 1;
				DEVELOPMENT_TEAM = 8TRXM8F5W6;
				GENERATE_INFOPLIST_FILE = YES;
				IPHONEOS_DEPLOYMENT_TARGET = 17.2;
				MARKETING_VERSION = 1.0;
				PRODUCT_BUNDLE_IDENTIFIER = "com.mehmetkaan.HubX-CaseTests";
				PRODUCT_NAME = "$(TARGET_NAME)";
				SWIFT_EMIT_LOC_STRINGS = NO;
				SWIFT_VERSION = 5.0;
				TARGETED_DEVICE_FAMILY = "1,2";
				TEST_HOST = "$(BUILT_PRODUCTS_DIR)/HubX-Case.app/$(BUNDLE_EXECUTABLE_FOLDER_PATH)/HubX-Case";
			};
			name = Release;
		};
		D38C8C402BD4027B00B759F0 /* Debug */ = {
			isa = XCBuildConfiguration;
			buildSettings = {
				ALWAYS_EMBED_SWIFT_STANDARD_LIBRARIES = YES;
				CODE_SIGN_STYLE = Automatic;
				CURRENT_PROJECT_VERSION = 1;
				DEVELOPMENT_TEAM = 8TRXM8F5W6;
				GENERATE_INFOPLIST_FILE = YES;
				MARKETING_VERSION = 1.0;
				PRODUCT_BUNDLE_IDENTIFIER = "com.mehmetkaan.HubX-CaseUITests";
				PRODUCT_NAME = "$(TARGET_NAME)";
				SWIFT_EMIT_LOC_STRINGS = NO;
				SWIFT_VERSION = 5.0;
				TARGETED_DEVICE_FAMILY = "1,2";
				TEST_TARGET_NAME = "HubX-Case";
			};
			name = Debug;
		};
		D38C8C412BD4027B00B759F0 /* Release */ = {
			isa = XCBuildConfiguration;
			buildSettings = {
				ALWAYS_EMBED_SWIFT_STANDARD_LIBRARIES = YES;
				CODE_SIGN_STYLE = Automatic;
				CURRENT_PROJECT_VERSION = 1;
				DEVELOPMENT_TEAM = 8TRXM8F5W6;
				GENERATE_INFOPLIST_FILE = YES;
				MARKETING_VERSION = 1.0;
				PRODUCT_BUNDLE_IDENTIFIER = "com.mehmetkaan.HubX-CaseUITests";
				PRODUCT_NAME = "$(TARGET_NAME)";
				SWIFT_EMIT_LOC_STRINGS = NO;
				SWIFT_VERSION = 5.0;
				TARGETED_DEVICE_FAMILY = "1,2";
				TEST_TARGET_NAME = "HubX-Case";
			};
			name = Release;
		};
/* End XCBuildConfiguration section */

/* Begin XCConfigurationList section */
		D38C8C102BD4027900B759F0 /* Build configuration list for PBXProject "HubX-Case" */ = {
			isa = XCConfigurationList;
			buildConfigurations = (
				D38C8C372BD4027B00B759F0 /* Debug */,
				D38C8C382BD4027B00B759F0 /* Release */,
			);
			defaultConfigurationIsVisible = 0;
			defaultConfigurationName = Release;
		};
		D38C8C392BD4027B00B759F0 /* Build configuration list for PBXNativeTarget "HubX-Case" */ = {
			isa = XCConfigurationList;
			buildConfigurations = (
				D38C8C3A2BD4027B00B759F0 /* Debug */,
				D38C8C3B2BD4027B00B759F0 /* Release */,
			);
			defaultConfigurationIsVisible = 0;
			defaultConfigurationName = Release;
		};
		D38C8C3C2BD4027B00B759F0 /* Build configuration list for PBXNativeTarget "HubX-CaseTests" */ = {
			isa = XCConfigurationList;
			buildConfigurations = (
				D38C8C3D2BD4027B00B759F0 /* Debug */,
				D38C8C3E2BD4027B00B759F0 /* Release */,
			);
			defaultConfigurationIsVisible = 0;
			defaultConfigurationName = Release;
		};
		D38C8C3F2BD4027B00B759F0 /* Build configuration list for PBXNativeTarget "HubX-CaseUITests" */ = {
			isa = XCConfigurationList;
			buildConfigurations = (
				D38C8C402BD4027B00B759F0 /* Debug */,
				D38C8C412BD4027B00B759F0 /* Release */,
			);
			defaultConfigurationIsVisible = 0;
			defaultConfigurationName = Release;
		};
/* End XCConfigurationList section */
	};
	rootObject = D38C8C0D2BD4027900B759F0 /* Project object */;
}
